
Microsoft Visual Studio Solution File, Format Version 12.00
# Visual Studio 15
VisualStudioVersion = 15.0.28307.1231
MinimumVisualStudioVersion = 10.0.40219.1
Project("{FAE04EC0-301F-11D3-BF4B-00C04F79EFBC}") = "hwfoundry", "hwfoundry\hwfoundry.csproj", "{79C6C234-04E5-4543-B0CC-A6DEB8F1FDF5}"
EndProject
Global
	GlobalSection(SolutionConfigurationPlatforms) = preSolution
		Debug|Any CPU = Debug|Any CPU
		Debug|x64 = Debug|x64
		Release|Any CPU = Release|Any CPU
		Release|x64 = Release|x64
	EndGlobalSection
	GlobalSection(ProjectConfigurationPlatforms) = postSolution
		{79C6C234-04E5-4543-B0CC-A6DEB8F1FDF5}.Debug|Any CPU.ActiveCfg = Debug|x64
		{79C6C234-04E5-4543-B0CC-A6DEB8F1FDF5}.Debug|x64.ActiveCfg = Debug|x64
		{79C6C234-04E5-4543-B0CC-A6DEB8F1FDF5}.Debug|x64.Build.0 = Debug|x64
		{79C6C234-04E5-4543-B0CC-A6DEB8F1FDF5}.Release|Any CPU.ActiveCfg = Debug|x64
		{79C6C234-04E5-4543-B0CC-A6DEB8F1FDF5}.Release|Any CPU.Build.0 = Debug|x64
		{79C6C234-04E5-4543-B0CC-A6DEB8F1FDF5}.Release|x64.ActiveCfg = Debug|x64
		{79C6C234-04E5-4543-B0CC-A6DEB8F1FDF5}.Release|x64.Build.0 = Debug|x64
	EndGlobalSection
	GlobalSection(SolutionProperties) = preSolution
		HideSolutionNode = FALSE
	EndGlobalSection
	GlobalSection(ExtensibilityGlobals) = postSolution
		SolutionGuid = {F9D0B7EB-4C53-4DC8-AFE5-D86BCC4DC4CB}
	EndGlobalSection
EndGlobal
