
Microsoft Visual Studio Solution File, Format Version 12.00
# Visual Studio 15
VisualStudioVersion = 15.0.28307.1231
MinimumVisualStudioVersion = 10.0.40219.1
Project("{2150E333-8FDC-42A3-9474-1A3956D46DE8}") = "util", "util", "{8B262B91-F377-4EFF-B8E9-484548EA592C}"
EndProject
Project("{2150E333-8FDC-42A3-9474-1A3956D46DE8}") = "hwfoundry", "hwfoundry", "{3F053C34-548E-4C80-9424-D0101A2F0A4C}"
EndProject
Project("{FAE04EC0-301F-11D3-BF4B-00C04F79EFBC}") = "ScriptComb", "util\ScriptComb\ScriptComb.csproj", "{05FB0B77-FFCF-4CEE-9A78-0920C4443F56}"
EndProject
Project("{FAE04EC0-301F-11D3-BF4B-00C04F79EFBC}") = "hwfoundry.triggerscripter", "hwfoundry.triggerscripter\hwfoundry.triggerscripter.csproj", "{149FE390-2040-43D3-B168-1D46917FEDDF}"
EndProject
Project("{FAE04EC0-301F-11D3-BF4B-00C04F79EFBC}") = "hwfoundry", "hwfoundry\hwfoundry.csproj", "{79C6C234-04E5-4543-B0CC-A6DEB8F1FDF5}"
EndProject
Global
	GlobalSection(SolutionConfigurationPlatforms) = preSolution
		Debug|Any CPU = Debug|Any CPU
		Debug|x64 = Debug|x64
		Debug|x86 = Debug|x86
		Demo|Any CPU = Demo|Any CPU
		Demo|x64 = Demo|x64
		Demo|x86 = Demo|x86
		Release|Any CPU = Release|Any CPU
		Release|x64 = Release|x64
		Release|x86 = Release|x86
		ReleaseTest|Any CPU = ReleaseTest|Any CPU
		ReleaseTest|x64 = ReleaseTest|x64
		ReleaseTest|x86 = ReleaseTest|x86
	EndGlobalSection
	GlobalSection(ProjectConfigurationPlatforms) = postSolution
		{05FB0B77-FFCF-4CEE-9A78-0920C4443F56}.Debug|Any CPU.ActiveCfg = Debug|Any CPU
		{05FB0B77-FFCF-4CEE-9A78-0920C4443F56}.Debug|Any CPU.Build.0 = Debug|Any CPU
		{05FB0B77-FFCF-4CEE-9A78-0920C4443F56}.Debug|x64.ActiveCfg = Debug|Any CPU
		{05FB0B77-FFCF-4CEE-9A78-0920C4443F56}.Debug|x64.Build.0 = Debug|Any CPU
		{05FB0B77-FFCF-4CEE-9A78-0920C4443F56}.Debug|x86.ActiveCfg = Debug|Any CPU
		{05FB0B77-FFCF-4CEE-9A78-0920C4443F56}.Debug|x86.Build.0 = Debug|Any CPU
		{05FB0B77-FFCF-4CEE-9A78-0920C4443F56}.Demo|Any CPU.ActiveCfg = Demo|Any CPU
		{05FB0B77-FFCF-4CEE-9A78-0920C4443F56}.Demo|Any CPU.Build.0 = Demo|Any CPU
		{05FB0B77-FFCF-4CEE-9A78-0920C4443F56}.Demo|x64.ActiveCfg = Demo|Any CPU
		{05FB0B77-FFCF-4CEE-9A78-0920C4443F56}.Demo|x64.Build.0 = Demo|Any CPU
		{05FB0B77-FFCF-4CEE-9A78-0920C4443F56}.Demo|x86.ActiveCfg = Demo|Any CPU
		{05FB0B77-FFCF-4CEE-9A78-0920C4443F56}.Demo|x86.Build.0 = Demo|Any CPU
		{05FB0B77-FFCF-4CEE-9A78-0920C4443F56}.Release|Any CPU.ActiveCfg = Release|Any CPU
		{05FB0B77-FFCF-4CEE-9A78-0920C4443F56}.Release|Any CPU.Build.0 = Release|Any CPU
		{05FB0B77-FFCF-4CEE-9A78-0920C4443F56}.Release|x64.ActiveCfg = Release|Any CPU
		{05FB0B77-FFCF-4CEE-9A78-0920C4443F56}.Release|x64.Build.0 = Release|Any CPU
		{05FB0B77-FFCF-4CEE-9A78-0920C4443F56}.Release|x86.ActiveCfg = Release|Any CPU
		{05FB0B77-FFCF-4CEE-9A78-0920C4443F56}.Release|x86.Build.0 = Release|Any CPU
		{05FB0B77-FFCF-4CEE-9A78-0920C4443F56}.ReleaseTest|Any CPU.ActiveCfg = Release|Any CPU
		{05FB0B77-FFCF-4CEE-9A78-0920C4443F56}.ReleaseTest|Any CPU.Build.0 = Release|Any CPU
		{05FB0B77-FFCF-4CEE-9A78-0920C4443F56}.ReleaseTest|x64.ActiveCfg = Release|Any CPU
		{05FB0B77-FFCF-4CEE-9A78-0920C4443F56}.ReleaseTest|x64.Build.0 = Release|Any CPU
		{05FB0B77-FFCF-4CEE-9A78-0920C4443F56}.ReleaseTest|x86.ActiveCfg = Release|Any CPU
		{05FB0B77-FFCF-4CEE-9A78-0920C4443F56}.ReleaseTest|x86.Build.0 = Release|Any CPU
		{149FE390-2040-43D3-B168-1D46917FEDDF}.Debug|Any CPU.ActiveCfg = Debug|Any CPU
		{149FE390-2040-43D3-B168-1D46917FEDDF}.Debug|Any CPU.Build.0 = Debug|Any CPU
		{149FE390-2040-43D3-B168-1D46917FEDDF}.Debug|x64.ActiveCfg = Debug|Any CPU
		{149FE390-2040-43D3-B168-1D46917FEDDF}.Debug|x64.Build.0 = Debug|Any CPU
		{149FE390-2040-43D3-B168-1D46917FEDDF}.Debug|x86.ActiveCfg = Debug|Any CPU
		{149FE390-2040-43D3-B168-1D46917FEDDF}.Debug|x86.Build.0 = Debug|Any CPU
		{149FE390-2040-43D3-B168-1D46917FEDDF}.Demo|Any CPU.ActiveCfg = Debug|Any CPU
		{149FE390-2040-43D3-B168-1D46917FEDDF}.Demo|Any CPU.Build.0 = Debug|Any CPU
		{149FE390-2040-43D3-B168-1D46917FEDDF}.Demo|x64.ActiveCfg = Debug|Any CPU
		{149FE390-2040-43D3-B168-1D46917FEDDF}.Demo|x64.Build.0 = Debug|Any CPU
		{149FE390-2040-43D3-B168-1D46917FEDDF}.Demo|x86.ActiveCfg = Debug|Any CPU
		{149FE390-2040-43D3-B168-1D46917FEDDF}.Demo|x86.Build.0 = Debug|Any CPU
		{149FE390-2040-43D3-B168-1D46917FEDDF}.Release|Any CPU.ActiveCfg = Release|Any CPU
		{149FE390-2040-43D3-B168-1D46917FEDDF}.Release|Any CPU.Build.0 = Release|Any CPU
		{149FE390-2040-43D3-B168-1D46917FEDDF}.Release|x64.ActiveCfg = Release|Any CPU
		{149FE390-2040-43D3-B168-1D46917FEDDF}.Release|x64.Build.0 = Release|Any CPU
		{149FE390-2040-43D3-B168-1D46917FEDDF}.Release|x86.ActiveCfg = Release|Any CPU
		{149FE390-2040-43D3-B168-1D46917FEDDF}.Release|x86.Build.0 = Release|Any CPU
		{149FE390-2040-43D3-B168-1D46917FEDDF}.ReleaseTest|Any CPU.ActiveCfg = Release|Any CPU
		{149FE390-2040-43D3-B168-1D46917FEDDF}.ReleaseTest|Any CPU.Build.0 = Release|Any CPU
		{149FE390-2040-43D3-B168-1D46917FEDDF}.ReleaseTest|x64.ActiveCfg = Release|Any CPU
		{149FE390-2040-43D3-B168-1D46917FEDDF}.ReleaseTest|x64.Build.0 = Release|Any CPU
		{149FE390-2040-43D3-B168-1D46917FEDDF}.ReleaseTest|x86.ActiveCfg = Release|Any CPU
		{149FE390-2040-43D3-B168-1D46917FEDDF}.ReleaseTest|x86.Build.0 = Release|Any CPU
		{79C6C234-04E5-4543-B0CC-A6DEB8F1FDF5}.Debug|Any CPU.ActiveCfg = Debug|Any CPU
		{79C6C234-04E5-4543-B0CC-A6DEB8F1FDF5}.Debug|Any CPU.Build.0 = Debug|Any CPU
		{79C6C234-04E5-4543-B0CC-A6DEB8F1FDF5}.Debug|x64.ActiveCfg = Debug|Any CPU
		{79C6C234-04E5-4543-B0CC-A6DEB8F1FDF5}.Debug|x64.Build.0 = Debug|Any CPU
		{79C6C234-04E5-4543-B0CC-A6DEB8F1FDF5}.Debug|x86.ActiveCfg = Debug|Any CPU
		{79C6C234-04E5-4543-B0CC-A6DEB8F1FDF5}.Debug|x86.Build.0 = Debug|Any CPU
		{79C6C234-04E5-4543-B0CC-A6DEB8F1FDF5}.Demo|Any CPU.ActiveCfg = Debug|Any CPU
		{79C6C234-04E5-4543-B0CC-A6DEB8F1FDF5}.Demo|Any CPU.Build.0 = Debug|Any CPU
		{79C6C234-04E5-4543-B0CC-A6DEB8F1FDF5}.Demo|x64.ActiveCfg = Debug|Any CPU
		{79C6C234-04E5-4543-B0CC-A6DEB8F1FDF5}.Demo|x64.Build.0 = Debug|Any CPU
		{79C6C234-04E5-4543-B0CC-A6DEB8F1FDF5}.Demo|x86.ActiveCfg = Debug|Any CPU
		{79C6C234-04E5-4543-B0CC-A6DEB8F1FDF5}.Demo|x86.Build.0 = Debug|Any CPU
		{79C6C234-04E5-4543-B0CC-A6DEB8F1FDF5}.Release|Any CPU.ActiveCfg = Release|Any CPU
		{79C6C234-04E5-4543-B0CC-A6DEB8F1FDF5}.Release|Any CPU.Build.0 = Release|Any CPU
		{79C6C234-04E5-4543-B0CC-A6DEB8F1FDF5}.Release|x64.ActiveCfg = Release|Any CPU
		{79C6C234-04E5-4543-B0CC-A6DEB8F1FDF5}.Release|x64.Build.0 = Release|Any CPU
		{79C6C234-04E5-4543-B0CC-A6DEB8F1FDF5}.Release|x86.ActiveCfg = Release|Any CPU
		{79C6C234-04E5-4543-B0CC-A6DEB8F1FDF5}.Release|x86.Build.0 = Release|Any CPU
		{79C6C234-04E5-4543-B0CC-A6DEB8F1FDF5}.ReleaseTest|Any CPU.ActiveCfg = ReleaseTest|Any CPU
		{79C6C234-04E5-4543-B0CC-A6DEB8F1FDF5}.ReleaseTest|Any CPU.Build.0 = ReleaseTest|Any CPU
		{79C6C234-04E5-4543-B0CC-A6DEB8F1FDF5}.ReleaseTest|x64.ActiveCfg = ReleaseTest|Any CPU
		{79C6C234-04E5-4543-B0CC-A6DEB8F1FDF5}.ReleaseTest|x64.Build.0 = ReleaseTest|Any CPU
		{79C6C234-04E5-4543-B0CC-A6DEB8F1FDF5}.ReleaseTest|x86.ActiveCfg = ReleaseTest|Any CPU
		{79C6C234-04E5-4543-B0CC-A6DEB8F1FDF5}.ReleaseTest|x86.Build.0 = ReleaseTest|Any CPU
	EndGlobalSection
	GlobalSection(SolutionProperties) = preSolution
		HideSolutionNode = FALSE
	EndGlobalSection
	GlobalSection(NestedProjects) = preSolution
		{05FB0B77-FFCF-4CEE-9A78-0920C4443F56} = {8B262B91-F377-4EFF-B8E9-484548EA592C}
		{149FE390-2040-43D3-B168-1D46917FEDDF} = {3F053C34-548E-4C80-9424-D0101A2F0A4C}
		{79C6C234-04E5-4543-B0CC-A6DEB8F1FDF5} = {3F053C34-548E-4C80-9424-D0101A2F0A4C}
	EndGlobalSection
	GlobalSection(ExtensibilityGlobals) = postSolution
		SolutionGuid = {F9D0B7EB-4C53-4DC8-AFE5-D86BCC4DC4CB}
	EndGlobalSection
EndGlobal
